
Microsoft Visual Studio Solution File, Format Version 12.00
# Visual Studio 2012
Project("{FAE04EC0-301F-11D3-BF4B-00C04F79EFBC}") = "GildedRose", "GildedRose\GildedRose.csproj", "{3A0635AB-2D5C-4D25-918E-5ED9ADAE1ED5}"
EndProject
Project("{FAE04EC0-301F-11D3-BF4B-00C04F79EFBC}") = "GildedRose.Specs", "GildedRose.Specs\GildedRose.Specs.csproj", "{841A527A-765D-4E4B-B04F-CCBE7DF88B59}"
EndProject
Project("{2150E333-8FDC-42A3-9474-1A3956D46DE8}") = ".nuget", ".nuget", "{854CEE3C-DF80-4B0D-8932-9886F9879821}"
	ProjectSection(SolutionItems) = preProject
		.nuget\NuGet.Config = .nuget\NuGet.Config
		.nuget\NuGet.exe = .nuget\NuGet.exe
		.nuget\NuGet.targets = .nuget\NuGet.targets
	EndProjectSection
EndProject
Global
	GlobalSection(SolutionConfigurationPlatforms) = preSolution
		Debug|Any CPU = Debug|Any CPU
		Release|Any CPU = Release|Any CPU
	EndGlobalSection
	GlobalSection(ProjectConfigurationPlatforms) = postSolution
		{3A0635AB-2D5C-4D25-918E-5ED9ADAE1ED5}.Debug|Any CPU.ActiveCfg = Debug|Any CPU
		{3A0635AB-2D5C-4D25-918E-5ED9ADAE1ED5}.Debug|Any CPU.Build.0 = Debug|Any CPU
		{3A0635AB-2D5C-4D25-918E-5ED9ADAE1ED5}.Release|Any CPU.ActiveCfg = Release|Any CPU
		{3A0635AB-2D5C-4D25-918E-5ED9ADAE1ED5}.Release|Any CPU.Build.0 = Release|Any CPU
		{841A527A-765D-4E4B-B04F-CCBE7DF88B59}.Debug|Any CPU.ActiveCfg = Debug|Any CPU
		{841A527A-765D-4E4B-B04F-CCBE7DF88B59}.Debug|Any CPU.Build.0 = Debug|Any CPU
		{841A527A-765D-4E4B-B04F-CCBE7DF88B59}.Release|Any CPU.ActiveCfg = Release|Any CPU
		{841A527A-765D-4E4B-B04F-CCBE7DF88B59}.Release|Any CPU.Build.0 = Release|Any CPU
	EndGlobalSection
	GlobalSection(SolutionProperties) = preSolution
		HideSolutionNode = FALSE
	EndGlobalSection
EndGlobal
